Microsoft Visual Studio Solution File, Format Version 12.00
# Visual Studio Version 17
VisualStudioVersion = 17.12.35707.178
MinimumVisualStudioVersion = 10.0.40219.1
Project("{FAE04EC0-301F-11D3-BF4B-00C04F79EFBC}") = "FoodHub.Restaurant.Application.Tests", "test\FoodHub.Restaurant.Application.Tests\FoodHub.Restaurant.Application.Tests.csproj", "{3C0B87F6-08A9-4E26-98E5-5C6CC83EDEE7}"
EndProject
Project("{FAE04EC0-301F-11D3-BF4B-00C04F79EFBC}") = "FoodHub.Restaurant.Domain.Tests", "test\FoodHub.Restaurant.Domain.Tests\FoodHub.Restaurant.Domain.Tests.csproj", "{05E63891-427F-4DCF-98F2-A8C293826D6B}"
EndProject
Project("{FAE04EC0-301F-11D3-BF4B-00C04F79EFBC}") = "FoodHub.Api", "src\FoodHub.Api\FoodHub.Api.csproj", "{D6E0DA2A-C67B-C650-4CF8-FB2A9E8705FA}"
EndProject
Project("{FAE04EC0-301F-11D3-BF4B-00C04F79EFBC}") = "FoodHub.Restaurant.Application", "src\FoodHub.Restaurant.Application\FoodHub.Restaurant.Application.csproj", "{E784B798-51BD-0DBC-56AD-FE442E132C6D}"
EndProject
Project("{FAE04EC0-301F-11D3-BF4B-00C04F79EFBC}") = "FoodHub.Restaurant.Domain", "src\FoodHub.Restaurant.Domain\FoodHub.Restaurant.Domain.csproj", "{AE19CC99-8802-8A1C-3D7D-D66B83CCC3FE}"
EndProject
Project("{FAE04EC0-301F-11D3-BF4B-00C04F79EFBC}") = "FoodHub.Restaurant.Infrastructure", "src\FoodHub.Restaurant.Infrastructure\FoodHub.Restaurant.Infrastructure.csproj", "{C62E83A2-5DEF-5F94-8C50-4F4222CB2B8D}"
EndProject
Global
	GlobalSection(SolutionConfigurationPlatforms) = preSolution
		Debug|Any CPU = Debug|Any CPU
		Release|Any CPU = Release|Any CPU
	EndGlobalSection
	GlobalSection(ProjectConfigurationPlatforms) = postSolution
		{3C0B87F6-08A9-4E26-98E5-5C6CC83EDEE7}.Debug|Any CPU.ActiveCfg = Debug|Any CPU
		{3C0B87F6-08A9-4E26-98E5-5C6CC83EDEE7}.Debug|Any CPU.Build.0 = Debug|Any CPU
		{3C0B87F6-08A9-4E26-98E5-5C6CC83EDEE7}.Release|Any CPU.ActiveCfg = Release|Any CPU
		{3C0B87F6-08A9-4E26-98E5-5C6CC83EDEE7}.Release|Any CPU.Build.0 = Release|Any CPU
		{05E63891-427F-4DCF-98F2-A8C293826D6B}.Debug|Any CPU.ActiveCfg = Debug|Any CPU
		{05E63891-427F-4DCF-98F2-A8C293826D6B}.Debug|Any CPU.Build.0 = Debug|Any CPU
		{05E63891-427F-4DCF-98F2-A8C293826D6B}.Release|Any CPU.ActiveCfg = Release|Any CPU
		{05E63891-427F-4DCF-98F2-A8C293826D6B}.Release|Any CPU.Build.0 = Release|Any CPU
		{D6E0DA2A-C67B-C650-4CF8-FB2A9E8705FA}.Debug|Any CPU.ActiveCfg = Debug|Any CPU
		{D6E0DA2A-C67B-C650-4CF8-FB2A9E8705FA}.Debug|Any CPU.Build.0 = Debug|Any CPU
		{D6E0DA2A-C67B-C650-4CF8-FB2A9E8705FA}.Release|Any CPU.ActiveCfg = Release|Any CPU
		{D6E0DA2A-C67B-C650-4CF8-FB2A9E8705FA}.Release|Any CPU.Build.0 = Release|Any CPU
		{E784B798-51BD-0DBC-56AD-FE442E132C6D}.Debug|Any CPU.ActiveCfg = Debug|Any CPU
		{E784B798-51BD-0DBC-56AD-FE442E132C6D}.Debug|Any CPU.Build.0 = Debug|Any CPU
		{E784B798-51BD-0DBC-56AD-FE442E132C6D}.Release|Any CPU.ActiveCfg = Release|Any CPU
		{E784B798-51BD-0DBC-56AD-FE442E132C6D}.Release|Any CPU.Build.0 = Release|Any CPU
		{AE19CC99-8802-8A1C-3D7D-D66B83CCC3FE}.Debug|Any CPU.ActiveCfg = Debug|Any CPU
		{AE19CC99-8802-8A1C-3D7D-D66B83CCC3FE}.Debug|Any CPU.Build.0 = Debug|Any CPU
		{AE19CC99-8802-8A1C-3D7D-D66B83CCC3FE}.Release|Any CPU.ActiveCfg = Release|Any CPU
		{AE19CC99-8802-8A1C-3D7D-D66B83CCC3FE}.Release|Any CPU.Build.0 = Release|Any CPU
		{C62E83A2-5DEF-5F94-8C50-4F4222CB2B8D}.Debug|Any CPU.ActiveCfg = Debug|Any CPU
		{C62E83A2-5DEF-5F94-8C50-4F4222CB2B8D}.Debug|Any CPU.Build.0 = Debug|Any CPU
		{C62E83A2-5DEF-5F94-8C50-4F4222CB2B8D}.Release|Any CPU.ActiveCfg = Release|Any CPU
		{C62E83A2-5DEF-5F94-8C50-4F4222CB2B8D}.Release|Any CPU.Build.0 = Release|Any CPU
	EndGlobalSection
	GlobalSection(SolutionProperties) = preSolution
		HideSolutionNode = FALSE
	EndGlobalSection
EndGlobal
